
Microsoft Visual Studio Solution File, Format Version 12.00
# Visual Studio Version 17
VisualStudioVersion = 17.7.34024.191
MinimumVisualStudioVersion = 10.0.40219.1
Project("{FAE04EC0-301F-11D3-BF4B-00C04F79EFBC}") = "WindowsFormsApp", "WindowsFormsApp\WindowsFormsApp.csproj", "{46104FB9-B90C-4DEC-8438-48B0EB4851EE}"
EndProject
Global
	GlobalSection(SolutionConfigurationPlatforms) = preSolution
		Debug|Any CPU = Debug|Any CPU
		Release|Any CPU = Release|Any CPU
	EndGlobalSection
	GlobalSection(ProjectConfigurationPlatforms) = postSolution
		{46104FB9-B90C-4DEC-8438-48B0EB4851EE}.Debug|Any CPU.ActiveCfg = Debug|Any CPU
		{46104FB9-B90C-4DEC-8438-48B0EB4851EE}.Debug|Any CPU.Build.0 = Debug|Any CPU
		{46104FB9-B90C-4DEC-8438-48B0EB4851EE}.Release|Any CPU.ActiveCfg = Release|Any CPU
		{46104FB9-B90C-4DEC-8438-48B0EB4851EE}.Release|Any CPU.Build.0 = Release|Any CPU
	EndGlobalSection
	GlobalSection(SolutionProperties) = preSolution
		HideSolutionNode = FALSE
	EndGlobalSection
	GlobalSection(ExtensibilityGlobals) = postSolution
		SolutionGuid = {0E70AFFF-BF3B-41EB-B8E9-60E5B3921E55}
	EndGlobalSection
EndGlobal
